{
  "name": "nirog-gyan-healthcare-fullstack",
  "version": "1.0.0",
  "description": "Full stack healthcare appointment booking system",
  "scripts": {
    "dev": "concurrently \"npm run server\" \"npm run client\"",
    "server": "cd backend && npm run dev",
    "client": "cd frontend && npm start",
    "install-all": "npm install && cd frontend && npm install && cd ../backend && npm install"
  },
  "devDependencies": {
    "concurrently": "^7.6.0"
  }
}
